
Microsoft Visual Studio Solution File, Format Version 12.00
# Visual Studio Version 17
VisualStudioVersion = 17.13.35919.96 d17.13
MinimumVisualStudioVersion = 10.0.40219.1
Project("{FAE04EC0-301F-11D3-BF4B-00C04F79EFBC}") = "NET_9_Business_App", "NET_9_Business_App.csproj", "{D21BBE2F-F59C-4001-86A7-C9CD9E330314}"
EndProject
Global
	GlobalSection(SolutionConfigurationPlatforms) = preSolution
		Debug|Any CPU = Debug|Any CPU
		Release|Any CPU = Release|Any CPU
	EndGlobalSection
	GlobalSection(ProjectConfigurationPlatforms) = postSolution
		{D21BBE2F-F59C-4001-86A7-C9CD9E330314}.Debug|Any CPU.ActiveCfg = Debug|Any CPU
		{D21BBE2F-F59C-4001-86A7-C9CD9E330314}.Debug|Any CPU.Build.0 = Debug|Any CPU
		{D21BBE2F-F59C-4001-86A7-C9CD9E330314}.Release|Any CPU.ActiveCfg = Release|Any CPU
		{D21BBE2F-F59C-4001-86A7-C9CD9E330314}.Release|Any CPU.Build.0 = Release|Any CPU
	EndGlobalSection
	GlobalSection(SolutionProperties) = preSolution
		HideSolutionNode = FALSE
	EndGlobalSection
	GlobalSection(ExtensibilityGlobals) = postSolution
		SolutionGuid = {36AAFCEA-C071-4AF3-86F6-C54A2C42DED3}
	EndGlobalSection
EndGlobal
